
Microsoft Visual Studio Solution File, Format Version 12.00
# Visual Studio 15
VisualStudioVersion = 15.0.27703.2035
MinimumVisualStudioVersion = 10.0.40219.1
Project("{FAE04EC0-301F-11D3-BF4B-00C04F79EFBC}") = "TestSolution", "TestSolution\TestSolution.csproj", "{3DA4EDE3-9861-4FB7-B278-73703B22B681}"
EndProject
Global
	GlobalSection(SolutionConfigurationPlatforms) = preSolution
		Debug|Any CPU = Debug|Any CPU
		Release|Any CPU = Release|Any CPU
	EndGlobalSection
	GlobalSection(ProjectConfigurationPlatforms) = postSolution
		{3DA4EDE3-9861-4FB7-B278-73703B22B681}.Debug|Any CPU.ActiveCfg = Debug|Any CPU
		{3DA4EDE3-9861-4FB7-B278-73703B22B681}.Debug|Any CPU.Build.0 = Debug|Any CPU
		{3DA4EDE3-9861-4FB7-B278-73703B22B681}.Release|Any CPU.ActiveCfg = Release|Any CPU
		{3DA4EDE3-9861-4FB7-B278-73703B22B681}.Release|Any CPU.Build.0 = Release|Any CPU
	EndGlobalSection
	GlobalSection(SolutionProperties) = preSolution
		HideSolutionNode = FALSE
	EndGlobalSection
	GlobalSection(ExtensibilityGlobals) = postSolution
		SolutionGuid = {20D4639B-12E0-4DF8-BFDA-3064640A5C0C}
	EndGlobalSection
EndGlobal
